
Microsoft Visual Studio Solution File, Format Version 12.00
# Visual Studio 14
VisualStudioVersion = 14.0.25420.1
MinimumVisualStudioVersion = 10.0.40219.1
Project("{2150E333-8FDC-42A3-9474-1A3956D46DE8}") = "Common", "Common", "{98264226-18A5-4C19-A660-7ECAD21B2B73}"
EndProject
Project("{2150E333-8FDC-42A3-9474-1A3956D46DE8}") = "Agent", "Agent", "{C0E1914F-875F-42A3-BD35-4CD7CA014058}"
EndProject
Project("{FAE04EC0-301F-11D3-BF4B-00C04F79EFBC}") = "Sima.Common.Model", "Common\Sima.Common.Model\Sima.Common.Model.csproj", "{FAB869C5-9913-4548-8C65-B9B8ECDCC89E}"
EndProject
Project("{FAE04EC0-301F-11D3-BF4B-00C04F79EFBC}") = "Sima.Common.Service", "Common\Sima.Common.Service\Sima.Common.Service.csproj", "{9130237D-6859-4407-A357-0726200409B8}"
EndProject
Project("{FAE04EC0-301F-11D3-BF4B-00C04F79EFBC}") = "Sima.Common.Constant", "Common\Sima.Common.Constant\Sima.Common.Constant.csproj", "{ACEE9EAD-1F80-4801-9F58-D8F55D8AE7BD}"
EndProject
Project("{FAE04EC0-301F-11D3-BF4B-00C04F79EFBC}") = "Sima.Common.Helper", "Common\Sima.Common.Helper\Sima.Common.Helper.csproj", "{9679A227-28C6-471B-85BB-1ECCA7CD93E3}"
EndProject
Project("{FAE04EC0-301F-11D3-BF4B-00C04F79EFBC}") = "Sima.Common.Logging", "Common\Sima.Common.Logging\Sima.Common.Logging.csproj", "{317FDA1E-71A0-4D59-B8D7-1C442345D0BB}"
EndProject
Project("{FAE04EC0-301F-11D3-BF4B-00C04F79EFBC}") = "Sima.Common.Plugin", "Common\Sima.Common.Plugin\Sima.Common.Plugin.csproj", "{FC8AE876-D499-4BA8-AA2D-72E5ACF88F13}"
EndProject
Project("{FAE04EC0-301F-11D3-BF4B-00C04F79EFBC}") = "Sima.Common.Validation", "Common\Sima.Common.Validation\Sima.Common.Validation.csproj", "{25B7AA97-BC61-4339-A192-F787D0E95075}"
EndProject
Project("{FAE04EC0-301F-11D3-BF4B-00C04F79EFBC}") = "PT.Common.Repository", "Common\PT.Common.Repository\PT.Common.Repository.csproj", "{51D2F778-E09D-4BA8-AFF7-6E2BC331C67B}"
EndProject
Project("{2150E333-8FDC-42A3-9474-1A3956D46DE8}") = "Ticket", "Ticket", "{992F949F-F68C-4C4E-92A2-5D3DBFA0C8B5}"
EndProject
Project("{FAE04EC0-301F-11D3-BF4B-00C04F79EFBC}") = "Ticket.ServiceInterface", "Ticket\Ticket.ServiceInterface\Ticket.ServiceInterface.csproj", "{EE8C4951-8C59-471B-868A-04B22F033BA9}"
EndProject
Project("{FAE04EC0-301F-11D3-BF4B-00C04F79EFBC}") = "Ticket.ServiceModel", "Ticket\Ticket.ServiceModel\Ticket.ServiceModel.csproj", "{6B823D19-D2FC-4401-9547-1D7DFB000030}"
EndProject
Project("{FAE04EC0-301F-11D3-BF4B-00C04F79EFBC}") = "Ticket.Repository", "Ticket\Ticket.Repository\Ticket.Repository.csproj", "{1287AA05-CF34-436D-BFB5-11D53986B504}"
EndProject
Project("{FAE04EC0-301F-11D3-BF4B-00C04F79EFBC}") = "Ticket", "Ticket\Ticket\Ticket.csproj", "{198524EF-BBDA-4EDC-88A4-926E6B3EFF62}"
EndProject
Project("{FAE04EC0-301F-11D3-BF4B-00C04F79EFBC}") = "Ticket.Plugin", "Ticket\Ticket.Plugin\Ticket.Plugin.csproj", "{1CDE3A8C-5434-4A81-8B4F-E411F826EA7F}"
EndProject
Project("{2150E333-8FDC-42A3-9474-1A3956D46DE8}") = "Receipt", "Receipt", "{9ACF1BF2-04C6-46A6-9AA0-2FB11CFA98DB}"
EndProject
Project("{FAE04EC0-301F-11D3-BF4B-00C04F79EFBC}") = "Receip.ServiceInterface", "Receipt\Receip.ServiceInterface\Receip.ServiceInterface.csproj", "{BD4CBA9F-117C-4146-98DA-2BAEBA57CB82}"
EndProject
Project("{FAE04EC0-301F-11D3-BF4B-00C04F79EFBC}") = "Receipt.ServiceModel", "Receipt\Receipt.ServiceModel\Receipt.ServiceModel.csproj", "{9E11409A-B8EF-42DD-86E6-D895308EE90F}"
EndProject
Project("{FAE04EC0-301F-11D3-BF4B-00C04F79EFBC}") = "Receipt.Repository", "Receipt\Receipt.Repository\Receipt.Repository.csproj", "{0465AE2B-9628-4BA6-B8DA-B8199832D8C7}"
EndProject
Project("{FAE04EC0-301F-11D3-BF4B-00C04F79EFBC}") = "Receipt.Plugin", "Receipt\Receipt.Plugin\Receipt.Plugin.csproj", "{4A6394FC-D2D9-4D4A-8CD2-8F92645BFD2B}"
EndProject
Project("{FAE04EC0-301F-11D3-BF4B-00C04F79EFBC}") = "Receipt", "Receipt\Receipt\Receipt.csproj", "{EE61FAC8-CAEE-4FD0-A641-2A157A770587}"
EndProject
Project("{FAE04EC0-301F-11D3-BF4B-00C04F79EFBC}") = "Agency", "Agency\Agency\Agency.csproj", "{4389B305-B381-4B50-B1A8-BBB5259A0524}"
EndProject
Project("{FAE04EC0-301F-11D3-BF4B-00C04F79EFBC}") = "Agency.Repository", "Agency\Agency.Repository\Agency.Repository.csproj", "{1E270088-1C3A-4E86-B489-6FA1F27A8F39}"
EndProject
Project("{FAE04EC0-301F-11D3-BF4B-00C04F79EFBC}") = "Agency.ServiceInterface", "Agency\Agency.ServiceInterface\Agency.ServiceInterface.csproj", "{801A0F89-D5F6-49A6-BCEA-6624388C98A4}"
EndProject
Project("{FAE04EC0-301F-11D3-BF4B-00C04F79EFBC}") = "Agency.ServiceModel", "Agency\Agency.ServiceModel\Agency.ServiceModel.csproj", "{53E82AC1-DD1D-4C66-B55F-F9F4ACFB2F40}"
EndProject
Project("{FAE04EC0-301F-11D3-BF4B-00C04F79EFBC}") = "Agency.SmokeTests", "Agency\Agency.SmokeTests\Agency.SmokeTests.csproj", "{B0BA0BE7-6FA7-404C-9A4E-F66AF20BF396}"
EndProject
Global
	GlobalSection(SolutionConfigurationPlatforms) = preSolution
		Debug|Any CPU = Debug|Any CPU
		Release|Any CPU = Release|Any CPU
	EndGlobalSection
	GlobalSection(ProjectConfigurationPlatforms) = postSolution
		{FAB869C5-9913-4548-8C65-B9B8ECDCC89E}.Debug|Any CPU.ActiveCfg = Debug|Any CPU
		{FAB869C5-9913-4548-8C65-B9B8ECDCC89E}.Debug|Any CPU.Build.0 = Debug|Any CPU
		{FAB869C5-9913-4548-8C65-B9B8ECDCC89E}.Release|Any CPU.ActiveCfg = Release|Any CPU
		{FAB869C5-9913-4548-8C65-B9B8ECDCC89E}.Release|Any CPU.Build.0 = Release|Any CPU
		{9130237D-6859-4407-A357-0726200409B8}.Debug|Any CPU.ActiveCfg = Debug|Any CPU
		{9130237D-6859-4407-A357-0726200409B8}.Debug|Any CPU.Build.0 = Debug|Any CPU
		{9130237D-6859-4407-A357-0726200409B8}.Release|Any CPU.ActiveCfg = Release|Any CPU
		{9130237D-6859-4407-A357-0726200409B8}.Release|Any CPU.Build.0 = Release|Any CPU
		{ACEE9EAD-1F80-4801-9F58-D8F55D8AE7BD}.Debug|Any CPU.ActiveCfg = Debug|Any CPU
		{ACEE9EAD-1F80-4801-9F58-D8F55D8AE7BD}.Debug|Any CPU.Build.0 = Debug|Any CPU
		{ACEE9EAD-1F80-4801-9F58-D8F55D8AE7BD}.Release|Any CPU.ActiveCfg = Release|Any CPU
		{ACEE9EAD-1F80-4801-9F58-D8F55D8AE7BD}.Release|Any CPU.Build.0 = Release|Any CPU
		{9679A227-28C6-471B-85BB-1ECCA7CD93E3}.Debug|Any CPU.ActiveCfg = Debug|Any CPU
		{9679A227-28C6-471B-85BB-1ECCA7CD93E3}.Debug|Any CPU.Build.0 = Debug|Any CPU
		{9679A227-28C6-471B-85BB-1ECCA7CD93E3}.Release|Any CPU.ActiveCfg = Release|Any CPU
		{9679A227-28C6-471B-85BB-1ECCA7CD93E3}.Release|Any CPU.Build.0 = Release|Any CPU
		{317FDA1E-71A0-4D59-B8D7-1C442345D0BB}.Debug|Any CPU.ActiveCfg = Debug|Any CPU
		{317FDA1E-71A0-4D59-B8D7-1C442345D0BB}.Debug|Any CPU.Build.0 = Debug|Any CPU
		{317FDA1E-71A0-4D59-B8D7-1C442345D0BB}.Release|Any CPU.ActiveCfg = Release|Any CPU
		{317FDA1E-71A0-4D59-B8D7-1C442345D0BB}.Release|Any CPU.Build.0 = Release|Any CPU
		{FC8AE876-D499-4BA8-AA2D-72E5ACF88F13}.Debug|Any CPU.ActiveCfg = Debug|Any CPU
		{FC8AE876-D499-4BA8-AA2D-72E5ACF88F13}.Debug|Any CPU.Build.0 = Debug|Any CPU
		{FC8AE876-D499-4BA8-AA2D-72E5ACF88F13}.Release|Any CPU.ActiveCfg = Release|Any CPU
		{FC8AE876-D499-4BA8-AA2D-72E5ACF88F13}.Release|Any CPU.Build.0 = Release|Any CPU
		{25B7AA97-BC61-4339-A192-F787D0E95075}.Debug|Any CPU.ActiveCfg = Debug|Any CPU
		{25B7AA97-BC61-4339-A192-F787D0E95075}.Debug|Any CPU.Build.0 = Debug|Any CPU
		{25B7AA97-BC61-4339-A192-F787D0E95075}.Release|Any CPU.ActiveCfg = Release|Any CPU
		{25B7AA97-BC61-4339-A192-F787D0E95075}.Release|Any CPU.Build.0 = Release|Any CPU
		{51D2F778-E09D-4BA8-AFF7-6E2BC331C67B}.Debug|Any CPU.ActiveCfg = Debug|Any CPU
		{51D2F778-E09D-4BA8-AFF7-6E2BC331C67B}.Debug|Any CPU.Build.0 = Debug|Any CPU
		{51D2F778-E09D-4BA8-AFF7-6E2BC331C67B}.Release|Any CPU.ActiveCfg = Release|Any CPU
		{51D2F778-E09D-4BA8-AFF7-6E2BC331C67B}.Release|Any CPU.Build.0 = Release|Any CPU
		{EE8C4951-8C59-471B-868A-04B22F033BA9}.Debug|Any CPU.ActiveCfg = Debug|Any CPU
		{EE8C4951-8C59-471B-868A-04B22F033BA9}.Debug|Any CPU.Build.0 = Debug|Any CPU
		{EE8C4951-8C59-471B-868A-04B22F033BA9}.Release|Any CPU.ActiveCfg = Release|Any CPU
		{EE8C4951-8C59-471B-868A-04B22F033BA9}.Release|Any CPU.Build.0 = Release|Any CPU
		{6B823D19-D2FC-4401-9547-1D7DFB000030}.Debug|Any CPU.ActiveCfg = Debug|Any CPU
		{6B823D19-D2FC-4401-9547-1D7DFB000030}.Debug|Any CPU.Build.0 = Debug|Any CPU
		{6B823D19-D2FC-4401-9547-1D7DFB000030}.Release|Any CPU.ActiveCfg = Release|Any CPU
		{6B823D19-D2FC-4401-9547-1D7DFB000030}.Release|Any CPU.Build.0 = Release|Any CPU
		{1287AA05-CF34-436D-BFB5-11D53986B504}.Debug|Any CPU.ActiveCfg = Debug|Any CPU
		{1287AA05-CF34-436D-BFB5-11D53986B504}.Debug|Any CPU.Build.0 = Debug|Any CPU
		{1287AA05-CF34-436D-BFB5-11D53986B504}.Release|Any CPU.ActiveCfg = Release|Any CPU
		{1287AA05-CF34-436D-BFB5-11D53986B504}.Release|Any CPU.Build.0 = Release|Any CPU
		{198524EF-BBDA-4EDC-88A4-926E6B3EFF62}.Debug|Any CPU.ActiveCfg = Debug|Any CPU
		{198524EF-BBDA-4EDC-88A4-926E6B3EFF62}.Debug|Any CPU.Build.0 = Debug|Any CPU
		{198524EF-BBDA-4EDC-88A4-926E6B3EFF62}.Release|Any CPU.ActiveCfg = Release|Any CPU
		{198524EF-BBDA-4EDC-88A4-926E6B3EFF62}.Release|Any CPU.Build.0 = Release|Any CPU
		{1CDE3A8C-5434-4A81-8B4F-E411F826EA7F}.Debug|Any CPU.ActiveCfg = Debug|Any CPU
		{1CDE3A8C-5434-4A81-8B4F-E411F826EA7F}.Debug|Any CPU.Build.0 = Debug|Any CPU
		{1CDE3A8C-5434-4A81-8B4F-E411F826EA7F}.Release|Any CPU.ActiveCfg = Release|Any CPU
		{1CDE3A8C-5434-4A81-8B4F-E411F826EA7F}.Release|Any CPU.Build.0 = Release|Any CPU
		{BD4CBA9F-117C-4146-98DA-2BAEBA57CB82}.Debug|Any CPU.ActiveCfg = Debug|Any CPU
		{BD4CBA9F-117C-4146-98DA-2BAEBA57CB82}.Debug|Any CPU.Build.0 = Debug|Any CPU
		{BD4CBA9F-117C-4146-98DA-2BAEBA57CB82}.Release|Any CPU.ActiveCfg = Release|Any CPU
		{BD4CBA9F-117C-4146-98DA-2BAEBA57CB82}.Release|Any CPU.Build.0 = Release|Any CPU
		{9E11409A-B8EF-42DD-86E6-D895308EE90F}.Debug|Any CPU.ActiveCfg = Debug|Any CPU
		{9E11409A-B8EF-42DD-86E6-D895308EE90F}.Debug|Any CPU.Build.0 = Debug|Any CPU
		{9E11409A-B8EF-42DD-86E6-D895308EE90F}.Release|Any CPU.ActiveCfg = Release|Any CPU
		{9E11409A-B8EF-42DD-86E6-D895308EE90F}.Release|Any CPU.Build.0 = Release|Any CPU
		{0465AE2B-9628-4BA6-B8DA-B8199832D8C7}.Debug|Any CPU.ActiveCfg = Debug|Any CPU
		{0465AE2B-9628-4BA6-B8DA-B8199832D8C7}.Debug|Any CPU.Build.0 = Debug|Any CPU
		{0465AE2B-9628-4BA6-B8DA-B8199832D8C7}.Release|Any CPU.ActiveCfg = Release|Any CPU
		{0465AE2B-9628-4BA6-B8DA-B8199832D8C7}.Release|Any CPU.Build.0 = Release|Any CPU
		{4A6394FC-D2D9-4D4A-8CD2-8F92645BFD2B}.Debug|Any CPU.ActiveCfg = Debug|Any CPU
		{4A6394FC-D2D9-4D4A-8CD2-8F92645BFD2B}.Debug|Any CPU.Build.0 = Debug|Any CPU
		{4A6394FC-D2D9-4D4A-8CD2-8F92645BFD2B}.Release|Any CPU.ActiveCfg = Release|Any CPU
		{4A6394FC-D2D9-4D4A-8CD2-8F92645BFD2B}.Release|Any CPU.Build.0 = Release|Any CPU
		{EE61FAC8-CAEE-4FD0-A641-2A157A770587}.Debug|Any CPU.ActiveCfg = Debug|Any CPU
		{EE61FAC8-CAEE-4FD0-A641-2A157A770587}.Debug|Any CPU.Build.0 = Debug|Any CPU
		{EE61FAC8-CAEE-4FD0-A641-2A157A770587}.Release|Any CPU.ActiveCfg = Release|Any CPU
		{EE61FAC8-CAEE-4FD0-A641-2A157A770587}.Release|Any CPU.Build.0 = Release|Any CPU
		{4389B305-B381-4B50-B1A8-BBB5259A0524}.Debug|Any CPU.ActiveCfg = Debug|Any CPU
		{4389B305-B381-4B50-B1A8-BBB5259A0524}.Debug|Any CPU.Build.0 = Debug|Any CPU
		{4389B305-B381-4B50-B1A8-BBB5259A0524}.Release|Any CPU.ActiveCfg = Release|Any CPU
		{4389B305-B381-4B50-B1A8-BBB5259A0524}.Release|Any CPU.Build.0 = Release|Any CPU
		{1E270088-1C3A-4E86-B489-6FA1F27A8F39}.Debug|Any CPU.ActiveCfg = Debug|Any CPU
		{1E270088-1C3A-4E86-B489-6FA1F27A8F39}.Debug|Any CPU.Build.0 = Debug|Any CPU
		{1E270088-1C3A-4E86-B489-6FA1F27A8F39}.Release|Any CPU.ActiveCfg = Release|Any CPU
		{1E270088-1C3A-4E86-B489-6FA1F27A8F39}.Release|Any CPU.Build.0 = Release|Any CPU
		{801A0F89-D5F6-49A6-BCEA-6624388C98A4}.Debug|Any CPU.ActiveCfg = Debug|Any CPU
		{801A0F89-D5F6-49A6-BCEA-6624388C98A4}.Debug|Any CPU.Build.0 = Debug|Any CPU
		{801A0F89-D5F6-49A6-BCEA-6624388C98A4}.Release|Any CPU.ActiveCfg = Release|Any CPU
		{801A0F89-D5F6-49A6-BCEA-6624388C98A4}.Release|Any CPU.Build.0 = Release|Any CPU
		{53E82AC1-DD1D-4C66-B55F-F9F4ACFB2F40}.Debug|Any CPU.ActiveCfg = Debug|Any CPU
		{53E82AC1-DD1D-4C66-B55F-F9F4ACFB2F40}.Debug|Any CPU.Build.0 = Debug|Any CPU
		{53E82AC1-DD1D-4C66-B55F-F9F4ACFB2F40}.Release|Any CPU.ActiveCfg = Release|Any CPU
		{53E82AC1-DD1D-4C66-B55F-F9F4ACFB2F40}.Release|Any CPU.Build.0 = Release|Any CPU
		{B0BA0BE7-6FA7-404C-9A4E-F66AF20BF396}.Debug|Any CPU.ActiveCfg = Debug|Any CPU
		{B0BA0BE7-6FA7-404C-9A4E-F66AF20BF396}.Debug|Any CPU.Build.0 = Debug|Any CPU
		{B0BA0BE7-6FA7-404C-9A4E-F66AF20BF396}.Release|Any CPU.ActiveCfg = Release|Any CPU
		{B0BA0BE7-6FA7-404C-9A4E-F66AF20BF396}.Release|Any CPU.Build.0 = Release|Any CPU
	EndGlobalSection
	GlobalSection(SolutionProperties) = preSolution
		HideSolutionNode = FALSE
	EndGlobalSection
	GlobalSection(NestedProjects) = preSolution
		{FAB869C5-9913-4548-8C65-B9B8ECDCC89E} = {98264226-18A5-4C19-A660-7ECAD21B2B73}
		{9130237D-6859-4407-A357-0726200409B8} = {98264226-18A5-4C19-A660-7ECAD21B2B73}
		{ACEE9EAD-1F80-4801-9F58-D8F55D8AE7BD} = {98264226-18A5-4C19-A660-7ECAD21B2B73}
		{9679A227-28C6-471B-85BB-1ECCA7CD93E3} = {98264226-18A5-4C19-A660-7ECAD21B2B73}
		{317FDA1E-71A0-4D59-B8D7-1C442345D0BB} = {98264226-18A5-4C19-A660-7ECAD21B2B73}
		{FC8AE876-D499-4BA8-AA2D-72E5ACF88F13} = {98264226-18A5-4C19-A660-7ECAD21B2B73}
		{25B7AA97-BC61-4339-A192-F787D0E95075} = {98264226-18A5-4C19-A660-7ECAD21B2B73}
		{51D2F778-E09D-4BA8-AFF7-6E2BC331C67B} = {98264226-18A5-4C19-A660-7ECAD21B2B73}
		{EE8C4951-8C59-471B-868A-04B22F033BA9} = {992F949F-F68C-4C4E-92A2-5D3DBFA0C8B5}
		{6B823D19-D2FC-4401-9547-1D7DFB000030} = {992F949F-F68C-4C4E-92A2-5D3DBFA0C8B5}
		{1287AA05-CF34-436D-BFB5-11D53986B504} = {992F949F-F68C-4C4E-92A2-5D3DBFA0C8B5}
		{198524EF-BBDA-4EDC-88A4-926E6B3EFF62} = {992F949F-F68C-4C4E-92A2-5D3DBFA0C8B5}
		{1CDE3A8C-5434-4A81-8B4F-E411F826EA7F} = {992F949F-F68C-4C4E-92A2-5D3DBFA0C8B5}
		{BD4CBA9F-117C-4146-98DA-2BAEBA57CB82} = {9ACF1BF2-04C6-46A6-9AA0-2FB11CFA98DB}
		{9E11409A-B8EF-42DD-86E6-D895308EE90F} = {9ACF1BF2-04C6-46A6-9AA0-2FB11CFA98DB}
		{0465AE2B-9628-4BA6-B8DA-B8199832D8C7} = {9ACF1BF2-04C6-46A6-9AA0-2FB11CFA98DB}
		{4A6394FC-D2D9-4D4A-8CD2-8F92645BFD2B} = {9ACF1BF2-04C6-46A6-9AA0-2FB11CFA98DB}
		{EE61FAC8-CAEE-4FD0-A641-2A157A770587} = {9ACF1BF2-04C6-46A6-9AA0-2FB11CFA98DB}
		{4389B305-B381-4B50-B1A8-BBB5259A0524} = {C0E1914F-875F-42A3-BD35-4CD7CA014058}
		{1E270088-1C3A-4E86-B489-6FA1F27A8F39} = {C0E1914F-875F-42A3-BD35-4CD7CA014058}
		{801A0F89-D5F6-49A6-BCEA-6624388C98A4} = {C0E1914F-875F-42A3-BD35-4CD7CA014058}
		{53E82AC1-DD1D-4C66-B55F-F9F4ACFB2F40} = {C0E1914F-875F-42A3-BD35-4CD7CA014058}
		{B0BA0BE7-6FA7-404C-9A4E-F66AF20BF396} = {C0E1914F-875F-42A3-BD35-4CD7CA014058}
	EndGlobalSection
EndGlobal
