
Microsoft Visual Studio Solution File, Format Version 12.00
# Visual Studio 14
VisualStudioVersion = 14.0.25420.1
MinimumVisualStudioVersion = 10.0.40219.1
Project("{2150E333-8FDC-42A3-9474-1A3956D46DE8}") = "Common", "Common", "{98264226-18A5-4C19-A660-7ECAD21B2B73}"
EndProject
Project("{2150E333-8FDC-42A3-9474-1A3956D46DE8}") = "Agent", "Agent", "{C0E1914F-875F-42A3-BD35-4CD7CA014058}"
EndProject
Project("{FAE04EC0-301F-11D3-BF4B-00C04F79EFBC}") = "Agency.Repository", "Agency.Repository\Agency.Repository.csproj", "{1E270088-1C3A-4E86-B489-6FA1F27A8F39}"
EndProject
Project("{FAE04EC0-301F-11D3-BF4B-00C04F79EFBC}") = "Agency.RepositoryInterface", "Agency.RepositoryInterface\Agency.RepositoryInterface.csproj", "{A36EEA84-5BC4-410B-9CE0-187451D98C8E}"
EndProject
Project("{FAE04EC0-301F-11D3-BF4B-00C04F79EFBC}") = "Sima.Common.Model", "Common\Sima.Common.Model\Sima.Common.Model.csproj", "{FAB869C5-9913-4548-8C65-B9B8ECDCC89E}"
EndProject
Project("{FAE04EC0-301F-11D3-BF4B-00C04F79EFBC}") = "Sima.Common.Service", "Common\Sima.Common.Service\Sima.Common.Service.csproj", "{9130237D-6859-4407-A357-0726200409B8}"
EndProject
Project("{FAE04EC0-301F-11D3-BF4B-00C04F79EFBC}") = "Sima.Common.Constant", "Common\Sima.Common.Constant\Sima.Common.Constant.csproj", "{ACEE9EAD-1F80-4801-9F58-D8F55D8AE7BD}"
EndProject
Project("{FAE04EC0-301F-11D3-BF4B-00C04F79EFBC}") = "Sima.Common.Helper", "Common\Sima.Common.Helper\Sima.Common.Helper.csproj", "{9679A227-28C6-471B-85BB-1ECCA7CD93E3}"
EndProject
Project("{FAE04EC0-301F-11D3-BF4B-00C04F79EFBC}") = "Sima.Common.Logging", "Common\Sima.Common.Logging\Sima.Common.Logging.csproj", "{317FDA1E-71A0-4D59-B8D7-1C442345D0BB}"
EndProject
Project("{FAE04EC0-301F-11D3-BF4B-00C04F79EFBC}") = "Sima.Common.Plugin", "Common\Sima.Common.Plugin\Sima.Common.Plugin.csproj", "{FC8AE876-D499-4BA8-AA2D-72E5ACF88F13}"
EndProject
Project("{FAE04EC0-301F-11D3-BF4B-00C04F79EFBC}") = "Sima.Common.Validation", "Common\Sima.Common.Validation\Sima.Common.Validation.csproj", "{25B7AA97-BC61-4339-A192-F787D0E95075}"
EndProject
Project("{FAE04EC0-301F-11D3-BF4B-00C04F79EFBC}") = "Agency", "Agency\Agency.csproj", "{4389B305-B381-4B50-B1A8-BBB5259A0524}"
EndProject
Project("{FAE04EC0-301F-11D3-BF4B-00C04F79EFBC}") = "Agency.ServiceInterface", "Agency.ServiceInterface\Agency.ServiceInterface.csproj", "{801A0F89-D5F6-49A6-BCEA-6624388C98A4}"
EndProject
Project("{FAE04EC0-301F-11D3-BF4B-00C04F79EFBC}") = "Agency.ServiceModel", "Agency.ServiceModel\Agency.ServiceModel.csproj", "{53E82AC1-DD1D-4C66-B55F-F9F4ACFB2F40}"
EndProject
Project("{FAE04EC0-301F-11D3-BF4B-00C04F79EFBC}") = "Agency.Tests", "Agency.Tests\Agency.Tests.csproj", "{D22B5797-9F2A-4BA7-9636-6EFCE62EBE00}"
EndProject
Project("{FAE04EC0-301F-11D3-BF4B-00C04F79EFBC}") = "PT.Common.Repository", "Common\PT.Common.Repository\PT.Common.Repository.csproj", "{51D2F778-E09D-4BA8-AFF7-6E2BC331C67B}"
EndProject
Project("{FAE04EC0-301F-11D3-BF4B-00C04F79EFBC}") = "PT.Common.Repository.OrmLite", "Common\PT.Common.Repository.OrmLite\PT.Common.Repository.OrmLite.csproj", "{90084881-C514-41D2-BBBD-06C5CC1B457F}"
EndProject
Global
	GlobalSection(SolutionConfigurationPlatforms) = preSolution
		Debug|Any CPU = Debug|Any CPU
		Release|Any CPU = Release|Any CPU
	EndGlobalSection
	GlobalSection(ProjectConfigurationPlatforms) = postSolution
		{1E270088-1C3A-4E86-B489-6FA1F27A8F39}.Debug|Any CPU.ActiveCfg = Debug|Any CPU
		{1E270088-1C3A-4E86-B489-6FA1F27A8F39}.Debug|Any CPU.Build.0 = Debug|Any CPU
		{1E270088-1C3A-4E86-B489-6FA1F27A8F39}.Release|Any CPU.ActiveCfg = Release|Any CPU
		{1E270088-1C3A-4E86-B489-6FA1F27A8F39}.Release|Any CPU.Build.0 = Release|Any CPU
		{A36EEA84-5BC4-410B-9CE0-187451D98C8E}.Debug|Any CPU.ActiveCfg = Debug|Any CPU
		{A36EEA84-5BC4-410B-9CE0-187451D98C8E}.Debug|Any CPU.Build.0 = Debug|Any CPU
		{A36EEA84-5BC4-410B-9CE0-187451D98C8E}.Release|Any CPU.ActiveCfg = Release|Any CPU
		{A36EEA84-5BC4-410B-9CE0-187451D98C8E}.Release|Any CPU.Build.0 = Release|Any CPU
		{FAB869C5-9913-4548-8C65-B9B8ECDCC89E}.Debug|Any CPU.ActiveCfg = Debug|Any CPU
		{FAB869C5-9913-4548-8C65-B9B8ECDCC89E}.Debug|Any CPU.Build.0 = Debug|Any CPU
		{FAB869C5-9913-4548-8C65-B9B8ECDCC89E}.Release|Any CPU.ActiveCfg = Release|Any CPU
		{FAB869C5-9913-4548-8C65-B9B8ECDCC89E}.Release|Any CPU.Build.0 = Release|Any CPU
		{9130237D-6859-4407-A357-0726200409B8}.Debug|Any CPU.ActiveCfg = Debug|Any CPU
		{9130237D-6859-4407-A357-0726200409B8}.Debug|Any CPU.Build.0 = Debug|Any CPU
		{9130237D-6859-4407-A357-0726200409B8}.Release|Any CPU.ActiveCfg = Release|Any CPU
		{9130237D-6859-4407-A357-0726200409B8}.Release|Any CPU.Build.0 = Release|Any CPU
		{ACEE9EAD-1F80-4801-9F58-D8F55D8AE7BD}.Debug|Any CPU.ActiveCfg = Debug|Any CPU
		{ACEE9EAD-1F80-4801-9F58-D8F55D8AE7BD}.Debug|Any CPU.Build.0 = Debug|Any CPU
		{ACEE9EAD-1F80-4801-9F58-D8F55D8AE7BD}.Release|Any CPU.ActiveCfg = Release|Any CPU
		{ACEE9EAD-1F80-4801-9F58-D8F55D8AE7BD}.Release|Any CPU.Build.0 = Release|Any CPU
		{9679A227-28C6-471B-85BB-1ECCA7CD93E3}.Debug|Any CPU.ActiveCfg = Debug|Any CPU
		{9679A227-28C6-471B-85BB-1ECCA7CD93E3}.Debug|Any CPU.Build.0 = Debug|Any CPU
		{9679A227-28C6-471B-85BB-1ECCA7CD93E3}.Release|Any CPU.ActiveCfg = Release|Any CPU
		{9679A227-28C6-471B-85BB-1ECCA7CD93E3}.Release|Any CPU.Build.0 = Release|Any CPU
		{317FDA1E-71A0-4D59-B8D7-1C442345D0BB}.Debug|Any CPU.ActiveCfg = Debug|Any CPU
		{317FDA1E-71A0-4D59-B8D7-1C442345D0BB}.Debug|Any CPU.Build.0 = Debug|Any CPU
		{317FDA1E-71A0-4D59-B8D7-1C442345D0BB}.Release|Any CPU.ActiveCfg = Release|Any CPU
		{317FDA1E-71A0-4D59-B8D7-1C442345D0BB}.Release|Any CPU.Build.0 = Release|Any CPU
		{FC8AE876-D499-4BA8-AA2D-72E5ACF88F13}.Debug|Any CPU.ActiveCfg = Debug|Any CPU
		{FC8AE876-D499-4BA8-AA2D-72E5ACF88F13}.Debug|Any CPU.Build.0 = Debug|Any CPU
		{FC8AE876-D499-4BA8-AA2D-72E5ACF88F13}.Release|Any CPU.ActiveCfg = Release|Any CPU
		{FC8AE876-D499-4BA8-AA2D-72E5ACF88F13}.Release|Any CPU.Build.0 = Release|Any CPU
		{25B7AA97-BC61-4339-A192-F787D0E95075}.Debug|Any CPU.ActiveCfg = Debug|Any CPU
		{25B7AA97-BC61-4339-A192-F787D0E95075}.Debug|Any CPU.Build.0 = Debug|Any CPU
		{25B7AA97-BC61-4339-A192-F787D0E95075}.Release|Any CPU.ActiveCfg = Release|Any CPU
		{25B7AA97-BC61-4339-A192-F787D0E95075}.Release|Any CPU.Build.0 = Release|Any CPU
		{4389B305-B381-4B50-B1A8-BBB5259A0524}.Debug|Any CPU.ActiveCfg = Debug|Any CPU
		{4389B305-B381-4B50-B1A8-BBB5259A0524}.Debug|Any CPU.Build.0 = Debug|Any CPU
		{4389B305-B381-4B50-B1A8-BBB5259A0524}.Release|Any CPU.ActiveCfg = Release|Any CPU
		{4389B305-B381-4B50-B1A8-BBB5259A0524}.Release|Any CPU.Build.0 = Release|Any CPU
		{801A0F89-D5F6-49A6-BCEA-6624388C98A4}.Debug|Any CPU.ActiveCfg = Debug|Any CPU
		{801A0F89-D5F6-49A6-BCEA-6624388C98A4}.Debug|Any CPU.Build.0 = Debug|Any CPU
		{801A0F89-D5F6-49A6-BCEA-6624388C98A4}.Release|Any CPU.ActiveCfg = Release|Any CPU
		{801A0F89-D5F6-49A6-BCEA-6624388C98A4}.Release|Any CPU.Build.0 = Release|Any CPU
		{53E82AC1-DD1D-4C66-B55F-F9F4ACFB2F40}.Debug|Any CPU.ActiveCfg = Debug|Any CPU
		{53E82AC1-DD1D-4C66-B55F-F9F4ACFB2F40}.Debug|Any CPU.Build.0 = Debug|Any CPU
		{53E82AC1-DD1D-4C66-B55F-F9F4ACFB2F40}.Release|Any CPU.ActiveCfg = Release|Any CPU
		{53E82AC1-DD1D-4C66-B55F-F9F4ACFB2F40}.Release|Any CPU.Build.0 = Release|Any CPU
		{D22B5797-9F2A-4BA7-9636-6EFCE62EBE00}.Debug|Any CPU.ActiveCfg = Debug|Any CPU
		{D22B5797-9F2A-4BA7-9636-6EFCE62EBE00}.Debug|Any CPU.Build.0 = Debug|Any CPU
		{D22B5797-9F2A-4BA7-9636-6EFCE62EBE00}.Release|Any CPU.ActiveCfg = Release|Any CPU
		{D22B5797-9F2A-4BA7-9636-6EFCE62EBE00}.Release|Any CPU.Build.0 = Release|Any CPU
		{51D2F778-E09D-4BA8-AFF7-6E2BC331C67B}.Debug|Any CPU.ActiveCfg = Debug|Any CPU
		{51D2F778-E09D-4BA8-AFF7-6E2BC331C67B}.Debug|Any CPU.Build.0 = Debug|Any CPU
		{51D2F778-E09D-4BA8-AFF7-6E2BC331C67B}.Release|Any CPU.ActiveCfg = Release|Any CPU
		{51D2F778-E09D-4BA8-AFF7-6E2BC331C67B}.Release|Any CPU.Build.0 = Release|Any CPU
		{90084881-C514-41D2-BBBD-06C5CC1B457F}.Debug|Any CPU.ActiveCfg = Debug|Any CPU
		{90084881-C514-41D2-BBBD-06C5CC1B457F}.Debug|Any CPU.Build.0 = Debug|Any CPU
		{90084881-C514-41D2-BBBD-06C5CC1B457F}.Release|Any CPU.ActiveCfg = Release|Any CPU
		{90084881-C514-41D2-BBBD-06C5CC1B457F}.Release|Any CPU.Build.0 = Release|Any CPU
	EndGlobalSection
	GlobalSection(SolutionProperties) = preSolution
		HideSolutionNode = FALSE
	EndGlobalSection
	GlobalSection(NestedProjects) = preSolution
		{1E270088-1C3A-4E86-B489-6FA1F27A8F39} = {C0E1914F-875F-42A3-BD35-4CD7CA014058}
		{A36EEA84-5BC4-410B-9CE0-187451D98C8E} = {C0E1914F-875F-42A3-BD35-4CD7CA014058}
		{FAB869C5-9913-4548-8C65-B9B8ECDCC89E} = {98264226-18A5-4C19-A660-7ECAD21B2B73}
		{9130237D-6859-4407-A357-0726200409B8} = {98264226-18A5-4C19-A660-7ECAD21B2B73}
		{ACEE9EAD-1F80-4801-9F58-D8F55D8AE7BD} = {98264226-18A5-4C19-A660-7ECAD21B2B73}
		{9679A227-28C6-471B-85BB-1ECCA7CD93E3} = {98264226-18A5-4C19-A660-7ECAD21B2B73}
		{317FDA1E-71A0-4D59-B8D7-1C442345D0BB} = {98264226-18A5-4C19-A660-7ECAD21B2B73}
		{FC8AE876-D499-4BA8-AA2D-72E5ACF88F13} = {98264226-18A5-4C19-A660-7ECAD21B2B73}
		{25B7AA97-BC61-4339-A192-F787D0E95075} = {98264226-18A5-4C19-A660-7ECAD21B2B73}
		{4389B305-B381-4B50-B1A8-BBB5259A0524} = {C0E1914F-875F-42A3-BD35-4CD7CA014058}
		{801A0F89-D5F6-49A6-BCEA-6624388C98A4} = {C0E1914F-875F-42A3-BD35-4CD7CA014058}
		{53E82AC1-DD1D-4C66-B55F-F9F4ACFB2F40} = {C0E1914F-875F-42A3-BD35-4CD7CA014058}
		{D22B5797-9F2A-4BA7-9636-6EFCE62EBE00} = {C0E1914F-875F-42A3-BD35-4CD7CA014058}
		{51D2F778-E09D-4BA8-AFF7-6E2BC331C67B} = {98264226-18A5-4C19-A660-7ECAD21B2B73}
		{90084881-C514-41D2-BBBD-06C5CC1B457F} = {98264226-18A5-4C19-A660-7ECAD21B2B73}
	EndGlobalSection
EndGlobal
